
Microsoft Visual Studio Solution File, Format Version 12.00
# Visual Studio Version 17
VisualStudioVersion = 17.11.35118.90
MinimumVisualStudioVersion = 10.0.40219.1
Project("{9A19103F-16F7-4668-BE54-9A1E7A4F7556}") = "MVC _Core_Demos", "MVC _Core_Demos\MVC _Core_Demos.csproj", "{E84DECED-E66B-49AA-A59D-C8266EC1A1A0}"
EndProject
Project("{9A19103F-16F7-4668-BE54-9A1E7A4F7556}") = "2_StateManagement", "2_StateManagement\2_StateManagement.csproj", "{A7EC3069-7DD7-4B05-A644-80B01AA862F7}"
EndProject
Project("{9A19103F-16F7-4668-BE54-9A1E7A4F7556}") = "4_CRUDUsingEFCodeFirstDB", "CRUDUsingEFCodeFirstDB\4_CRUDUsingEFCodeFirstDB.csproj", "{5B7BD062-979F-4E4A-9F5B-9D913488240C}"
EndProject
Project("{2150E333-8FDC-42A3-9474-1A3956D46DE8}") = "MVC", "MVC", "{E0039530-B3DE-4E53-9A58-4A92B5AB7D1F}"
EndProject
Project("{9A19103F-16F7-4668-BE54-9A1E7A4F7556}") = "Core", "Core\Core.csproj", "{DE4FFC47-380D-47EE-8232-43A5A19E3CF9}"
EndProject
Project("{9A19103F-16F7-4668-BE54-9A1E7A4F7556}") = "FirstCoreWebAPI", "FirstCoreWebAPI\FirstCoreWebAPI.csproj", "{C8ADEA34-E7E5-4B67-AD9D-1226A0AEB934}"
EndProject
Project("{2150E333-8FDC-42A3-9474-1A3956D46DE8}") = "Web Api", "Web Api", "{C9F14076-4B23-492E-8425-053D9F9868D7}"
EndProject
Project("{2150E333-8FDC-42A3-9474-1A3956D46DE8}") = "Multi Layer Web Api", "Multi Layer Web Api", "{FF0122B4-8ABE-465D-969A-49450DDBFF2C}"
EndProject
Project("{9A19103F-16F7-4668-BE54-9A1E7A4F7556}") = "Data", "Data\Data.csproj", "{CEF0CEDE-37F2-4832-86AD-7A65B5803430}"
EndProject
Project("{9A19103F-16F7-4668-BE54-9A1E7A4F7556}") = "DTO", "DOT\DTO.csproj", "{3224FFCC-8306-42D5-98EB-69CE691086FF}"
EndProject
Project("{9A19103F-16F7-4668-BE54-9A1E7A4F7556}") = "Infrastructure", "Infrastructure\Infrastructure.csproj", "{0D85BBE0-BEBD-494D-B27C-26730BEB6797}"
EndProject
Project("{9A19103F-16F7-4668-BE54-9A1E7A4F7556}") = "Services", "Services\Services.csproj", "{43BAE0BF-894A-47A7-B2C5-7BF1DC182A8B}"
EndProject
Project("{9A19103F-16F7-4668-BE54-9A1E7A4F7556}") = "API", "API\API.csproj", "{B6AE2510-9C66-4A7F-B2FA-CF86E6AF8C1D}"
EndProject
Project("{2150E333-8FDC-42A3-9474-1A3956D46DE8}") = "Web Api Client", "Web Api Client", "{B1C075FE-D71B-47E3-A092-C328B4A0E8FB}"
EndProject
Project("{9A19103F-16F7-4668-BE54-9A1E7A4F7556}") = "WebClient", "WebClient\WebClient.csproj", "{72F288ED-9E56-4442-8C25-A7B6E89A1843}"
EndProject
Project("{2150E333-8FDC-42A3-9474-1A3956D46DE8}") = "Library", "Library", "{80C77387-F4E0-4D12-9762-3C9726B64187}"
EndProject
Project("{9A19103F-16F7-4668-BE54-9A1E7A4F7556}") = "ClientService", "ClientService\ClientService.csproj", "{4EEE9DCC-17F7-4B24-9C0C-C779CC093C41}"
EndProject
Project("{FAE04EC0-301F-11D3-BF4B-00C04F79EFBC}") = "StateManagement", "StateManagement\StateManagement.csproj", "{2F0F0736-70B5-474C-A8E3-4E9FE79791C2}"
EndProject
Global
	GlobalSection(SolutionConfigurationPlatforms) = preSolution
		Debug|Any CPU = Debug|Any CPU
		Release|Any CPU = Release|Any CPU
	EndGlobalSection
	GlobalSection(ProjectConfigurationPlatforms) = postSolution
		{E84DECED-E66B-49AA-A59D-C8266EC1A1A0}.Debug|Any CPU.ActiveCfg = Debug|Any CPU
		{E84DECED-E66B-49AA-A59D-C8266EC1A1A0}.Debug|Any CPU.Build.0 = Debug|Any CPU
		{E84DECED-E66B-49AA-A59D-C8266EC1A1A0}.Release|Any CPU.ActiveCfg = Release|Any CPU
		{E84DECED-E66B-49AA-A59D-C8266EC1A1A0}.Release|Any CPU.Build.0 = Release|Any CPU
		{A7EC3069-7DD7-4B05-A644-80B01AA862F7}.Debug|Any CPU.ActiveCfg = Debug|Any CPU
		{A7EC3069-7DD7-4B05-A644-80B01AA862F7}.Debug|Any CPU.Build.0 = Debug|Any CPU
		{A7EC3069-7DD7-4B05-A644-80B01AA862F7}.Release|Any CPU.ActiveCfg = Release|Any CPU
		{A7EC3069-7DD7-4B05-A644-80B01AA862F7}.Release|Any CPU.Build.0 = Release|Any CPU
		{5B7BD062-979F-4E4A-9F5B-9D913488240C}.Debug|Any CPU.ActiveCfg = Debug|Any CPU
		{5B7BD062-979F-4E4A-9F5B-9D913488240C}.Debug|Any CPU.Build.0 = Debug|Any CPU
		{5B7BD062-979F-4E4A-9F5B-9D913488240C}.Release|Any CPU.ActiveCfg = Release|Any CPU
		{5B7BD062-979F-4E4A-9F5B-9D913488240C}.Release|Any CPU.Build.0 = Release|Any CPU
		{DE4FFC47-380D-47EE-8232-43A5A19E3CF9}.Debug|Any CPU.ActiveCfg = Debug|Any CPU
		{DE4FFC47-380D-47EE-8232-43A5A19E3CF9}.Debug|Any CPU.Build.0 = Debug|Any CPU
		{DE4FFC47-380D-47EE-8232-43A5A19E3CF9}.Release|Any CPU.ActiveCfg = Release|Any CPU
		{DE4FFC47-380D-47EE-8232-43A5A19E3CF9}.Release|Any CPU.Build.0 = Release|Any CPU
		{C8ADEA34-E7E5-4B67-AD9D-1226A0AEB934}.Debug|Any CPU.ActiveCfg = Debug|Any CPU
		{C8ADEA34-E7E5-4B67-AD9D-1226A0AEB934}.Debug|Any CPU.Build.0 = Debug|Any CPU
		{C8ADEA34-E7E5-4B67-AD9D-1226A0AEB934}.Release|Any CPU.ActiveCfg = Release|Any CPU
		{C8ADEA34-E7E5-4B67-AD9D-1226A0AEB934}.Release|Any CPU.Build.0 = Release|Any CPU
		{CEF0CEDE-37F2-4832-86AD-7A65B5803430}.Debug|Any CPU.ActiveCfg = Debug|Any CPU
		{CEF0CEDE-37F2-4832-86AD-7A65B5803430}.Debug|Any CPU.Build.0 = Debug|Any CPU
		{CEF0CEDE-37F2-4832-86AD-7A65B5803430}.Release|Any CPU.ActiveCfg = Release|Any CPU
		{CEF0CEDE-37F2-4832-86AD-7A65B5803430}.Release|Any CPU.Build.0 = Release|Any CPU
		{3224FFCC-8306-42D5-98EB-69CE691086FF}.Debug|Any CPU.ActiveCfg = Debug|Any CPU
		{3224FFCC-8306-42D5-98EB-69CE691086FF}.Debug|Any CPU.Build.0 = Debug|Any CPU
		{3224FFCC-8306-42D5-98EB-69CE691086FF}.Release|Any CPU.ActiveCfg = Release|Any CPU
		{3224FFCC-8306-42D5-98EB-69CE691086FF}.Release|Any CPU.Build.0 = Release|Any CPU
		{0D85BBE0-BEBD-494D-B27C-26730BEB6797}.Debug|Any CPU.ActiveCfg = Debug|Any CPU
		{0D85BBE0-BEBD-494D-B27C-26730BEB6797}.Debug|Any CPU.Build.0 = Debug|Any CPU
		{0D85BBE0-BEBD-494D-B27C-26730BEB6797}.Release|Any CPU.ActiveCfg = Release|Any CPU
		{0D85BBE0-BEBD-494D-B27C-26730BEB6797}.Release|Any CPU.Build.0 = Release|Any CPU
		{43BAE0BF-894A-47A7-B2C5-7BF1DC182A8B}.Debug|Any CPU.ActiveCfg = Debug|Any CPU
		{43BAE0BF-894A-47A7-B2C5-7BF1DC182A8B}.Debug|Any CPU.Build.0 = Debug|Any CPU
		{43BAE0BF-894A-47A7-B2C5-7BF1DC182A8B}.Release|Any CPU.ActiveCfg = Release|Any CPU
		{43BAE0BF-894A-47A7-B2C5-7BF1DC182A8B}.Release|Any CPU.Build.0 = Release|Any CPU
		{B6AE2510-9C66-4A7F-B2FA-CF86E6AF8C1D}.Debug|Any CPU.ActiveCfg = Debug|Any CPU
		{B6AE2510-9C66-4A7F-B2FA-CF86E6AF8C1D}.Debug|Any CPU.Build.0 = Debug|Any CPU
		{B6AE2510-9C66-4A7F-B2FA-CF86E6AF8C1D}.Release|Any CPU.ActiveCfg = Release|Any CPU
		{B6AE2510-9C66-4A7F-B2FA-CF86E6AF8C1D}.Release|Any CPU.Build.0 = Release|Any CPU
		{72F288ED-9E56-4442-8C25-A7B6E89A1843}.Debug|Any CPU.ActiveCfg = Debug|Any CPU
		{72F288ED-9E56-4442-8C25-A7B6E89A1843}.Debug|Any CPU.Build.0 = Debug|Any CPU
		{72F288ED-9E56-4442-8C25-A7B6E89A1843}.Release|Any CPU.ActiveCfg = Release|Any CPU
		{72F288ED-9E56-4442-8C25-A7B6E89A1843}.Release|Any CPU.Build.0 = Release|Any CPU
		{4EEE9DCC-17F7-4B24-9C0C-C779CC093C41}.Debug|Any CPU.ActiveCfg = Debug|Any CPU
		{4EEE9DCC-17F7-4B24-9C0C-C779CC093C41}.Debug|Any CPU.Build.0 = Debug|Any CPU
		{4EEE9DCC-17F7-4B24-9C0C-C779CC093C41}.Release|Any CPU.ActiveCfg = Release|Any CPU
		{4EEE9DCC-17F7-4B24-9C0C-C779CC093C41}.Release|Any CPU.Build.0 = Release|Any CPU
		{2F0F0736-70B5-474C-A8E3-4E9FE79791C2}.Debug|Any CPU.ActiveCfg = Debug|Any CPU
		{2F0F0736-70B5-474C-A8E3-4E9FE79791C2}.Debug|Any CPU.Build.0 = Debug|Any CPU
		{2F0F0736-70B5-474C-A8E3-4E9FE79791C2}.Release|Any CPU.ActiveCfg = Release|Any CPU
		{2F0F0736-70B5-474C-A8E3-4E9FE79791C2}.Release|Any CPU.Build.0 = Release|Any CPU
	EndGlobalSection
	GlobalSection(SolutionProperties) = preSolution
		HideSolutionNode = FALSE
	EndGlobalSection
	GlobalSection(NestedProjects) = preSolution
		{DE4FFC47-380D-47EE-8232-43A5A19E3CF9} = {E0039530-B3DE-4E53-9A58-4A92B5AB7D1F}
		{C8ADEA34-E7E5-4B67-AD9D-1226A0AEB934} = {C9F14076-4B23-492E-8425-053D9F9868D7}
		{CEF0CEDE-37F2-4832-86AD-7A65B5803430} = {FF0122B4-8ABE-465D-969A-49450DDBFF2C}
		{3224FFCC-8306-42D5-98EB-69CE691086FF} = {FF0122B4-8ABE-465D-969A-49450DDBFF2C}
		{0D85BBE0-BEBD-494D-B27C-26730BEB6797} = {FF0122B4-8ABE-465D-969A-49450DDBFF2C}
		{43BAE0BF-894A-47A7-B2C5-7BF1DC182A8B} = {FF0122B4-8ABE-465D-969A-49450DDBFF2C}
		{B6AE2510-9C66-4A7F-B2FA-CF86E6AF8C1D} = {FF0122B4-8ABE-465D-969A-49450DDBFF2C}
		{72F288ED-9E56-4442-8C25-A7B6E89A1843} = {B1C075FE-D71B-47E3-A092-C328B4A0E8FB}
		{80C77387-F4E0-4D12-9762-3C9726B64187} = {B1C075FE-D71B-47E3-A092-C328B4A0E8FB}
		{4EEE9DCC-17F7-4B24-9C0C-C779CC093C41} = {80C77387-F4E0-4D12-9762-3C9726B64187}
	EndGlobalSection
	GlobalSection(ExtensibilityGlobals) = postSolution
		SolutionGuid = {BC0F8A21-1570-4675-BEBF-165DA21C2BB9}
	EndGlobalSection
EndGlobal
